{
  "originHash" : "5b5ea5e779e9dc2c3d451a3785bd2703a23ad965e60319712ad5529441436d52",
  "pins" : [
    {
      "identity" : "wwfontloader",
      "kind" : "remoteSourceControl",
      "location" : "https://github.com/William-Weng/WWFontLoader",
      "state" : {
        "revision" : "e1005f225ce70948f1ef5fd698a54dfdca5e9bf7",
        "version" : "1.1.0"
      }
    },
    {
      "identity" : "wwintelligentagent",
      "kind" : "remoteSourceControl",
      "location" : "https://github.com/William-Weng/WWIntelligentAgent",
      "state" : {
        "revision" : "2abc4dafe946893b7959bc90322b35bfdc0edf91",
        "version" : "1.3.1"
      }
    },
    {
      "identity" : "wwsqlite3manager",
      "kind" : "remoteSourceControl",
      "location" : "https://github.com/William-Weng/WWSQLite3Manager",
      "state" : {
        "revision" : "21c319ef8636d73dc42e5b3be0b193d07b67a3e9",
        "version" : "2.4.0"
      }
    }
  ],
  "version" : 3
}
