{
  "originHash" : "88779a860e7908f1722e36d8305849045e10ff9e273708a3218506e07ccbf33e",
  "pins" : [
    {
      "identity" : "wwfontloader",
      "kind" : "remoteSourceControl",
      "location" : "https://github.com/William-Weng/WWFontLoader",
      "state" : {
        "revision" : "e1005f225ce70948f1ef5fd698a54dfdca5e9bf7",
        "version" : "1.1.0"
      }
    },
    {
      "identity" : "wwintelligentagent",
      "kind" : "remoteSourceControl",
      "location" : "https://github.com/William-Weng/WWIntelligentAgent",
      "state" : {
        "revision" : "7d44a298d7ffbf3a95faca8bfc299635b61bf5d2",
        "version" : "1.4.0"
      }
    },
    {
      "identity" : "wwloadingoverlaymodifier",
      "kind" : "remoteSourceControl",
      "location" : "https://github.com/William-Weng/WWLoadingOverlayModifier",
      "state" : {
        "revision" : "cbda73503c886eaf8360401bb14ab24ddd943fdf",
        "version" : "0.1.0"
      }
    },
    {
      "identity" : "wwmarkdownwebviewui",
      "kind" : "remoteSourceControl",
      "location" : "https://github.com/William-Weng/WWMarkdownWebViewUI",
      "state" : {
        "revision" : "3d3dad8013636ab1eacbd0dbf154f999effe3b73",
        "version" : "0.3.0"
      }
    },
    {
      "identity" : "wwsqlite3manager",
      "kind" : "remoteSourceControl",
      "location" : "https://github.com/William-Weng/WWSQLite3Manager",
      "state" : {
        "revision" : "6eb2a7c9813c3e8500d87fd5f2dcca3408d1bb69",
        "version" : "2.4.1"
      }
    }
  ],
  "version" : 3
}
