{
  "originHash" : "a5cecc3571f24786445fae005a240da75525c9f51ef97152b74a9e345b57a6b4",
  "pins" : [
    {
      "identity" : "wwfontloader",
      "kind" : "remoteSourceControl",
      "location" : "https://github.com/William-Weng/WWFontLoader",
      "state" : {
        "revision" : "e1005f225ce70948f1ef5fd698a54dfdca5e9bf7",
        "version" : "1.1.0"
      }
    },
    {
      "identity" : "wwintelligentagent",
      "kind" : "remoteSourceControl",
      "location" : "https://github.com/William-Weng/WWIntelligentAgent",
      "state" : {
        "revision" : "7d44a298d7ffbf3a95faca8bfc299635b61bf5d2",
        "version" : "1.4.0"
      }
    },
    {
      "identity" : "wwloadingoverlaymodifier",
      "kind" : "remoteSourceControl",
      "location" : "https://github.com/William-Weng/WWLoadingOverlayModifier",
      "state" : {
        "revision" : "cbda73503c886eaf8360401bb14ab24ddd943fdf",
        "version" : "0.1.0"
      }
    },
    {
      "identity" : "wwmarkdownwebviewui",
      "kind" : "remoteSourceControl",
      "location" : "https://github.com/William-Weng/WWMarkdownWebViewUI",
      "state" : {
        "revision" : "9bb37aa23ea91eb27e729c12b05291b1d563aea8",
        "version" : "0.3.1"
      }
    },
    {
      "identity" : "wwsqlite3manager",
      "kind" : "remoteSourceControl",
      "location" : "https://github.com/William-Weng/WWSQLite3Manager",
      "state" : {
        "revision" : "3692e6158ced08c2b9d7611e9e267ac478d45331",
        "version" : "2.4.4"
      }
    }
  ],
  "version" : 3
}
