// !$*UTF8*$!
{
	archiveVersion = 1;
	classes = {
	};
	objectVersion = 77;
	objects = {

/* Begin PBXBuildFile section */
		81007DBB2FED229F00717D7A /* WWMarkdownWebViewUI in Frameworks */ = {isa = PBXBuildFile; productRef = 81007DBA2FED229F00717D7A /* WWMarkdownWebViewUI */; };
		81007DBD2FED22A400717D7A /* WWMarkdownWebViewUI in Frameworks */ = {isa = PBXBuildFile; productRef = 81007DBC2FED22A400717D7A /* WWMarkdownWebViewUI */; };
		810B7AD42FF51E9E00F0AB6B /* WWFlipWordCardUI in Frameworks */ = {isa = PBXBuildFile; productRef = 810B7AD32FF51E9E00F0AB6B /* WWFlipWordCardUI */; };
		810B7AD62FF51EA300F0AB6B /* WWFlipWordCardUI in Frameworks */ = {isa = PBXBuildFile; productRef = 810B7AD52FF51EA300F0AB6B /* WWFlipWordCardUI */; };
		811C060F2FDABC2D006D0DC4 /* WWSQLite3Manager in Frameworks */ = {isa = PBXBuildFile; productRef = 811C060E2FDABC2D006D0DC4 /* WWSQLite3Manager */; };
		8153B4AC2FE14D38007AFC8D /* WWIntelligentAgent in Frameworks */ = {isa = PBXBuildFile; productRef = 8153B4AB2FE14D38007AFC8D /* WWIntelligentAgent */; };
		8153B4AE2FE14D3C007AFC8D /* WWIntelligentAgent in Frameworks */ = {isa = PBXBuildFile; productRef = 8153B4AD2FE14D3C007AFC8D /* WWIntelligentAgent */; };
		816F1DC72FEB7BAA00D3A956 /* WWWebImage in Frameworks */ = {isa = PBXBuildFile; productRef = 816F1DC62FEB7BAA00D3A956 /* WWWebImage */; };
		816F1DC92FEB7BAF00D3A956 /* WWWebImage in Frameworks */ = {isa = PBXBuildFile; productRef = 816F1DC82FEB7BAF00D3A956 /* WWWebImage */; };
		817037732FE0009E00347E24 /* WWFontLoader in Frameworks */ = {isa = PBXBuildFile; productRef = 817037722FE0009E00347E24 /* WWFontLoader */; };
		81909C3B2FF4C05700795B18 /* WWHUDUI in Frameworks */ = {isa = PBXBuildFile; productRef = 81909C3A2FF4C05700795B18 /* WWHUDUI */; };
		81909C3D2FF4C05D00795B18 /* WWHUDUI in Frameworks */ = {isa = PBXBuildFile; productRef = 81909C3C2FF4C05D00795B18 /* WWHUDUI */; };
		819988DB2FE8D183001923FE /* WWSQLite3Manager in Frameworks */ = {isa = PBXBuildFile; productRef = 819988DA2FE8D183001923FE /* WWSQLite3Manager */; };
		819988DD2FE8D18C001923FE /* WWSQLite3Manager in Frameworks */ = {isa = PBXBuildFile; productRef = 819988DC2FE8D18C001923FE /* WWSQLite3Manager */; };
		819E9CA52FECDA3C00097DBD /* WWSafariViewUI in Frameworks */ = {isa = PBXBuildFile; productRef = 819E9CA42FECDA3C00097DBD /* WWSafariViewUI */; };
		819E9CA72FECDA4100097DBD /* WWSafariViewUI in Frameworks */ = {isa = PBXBuildFile; productRef = 819E9CA62FECDA4100097DBD /* WWSafariViewUI */; };
		81FD4D6A2FDC0540009DA448 /* WWFontLoader in Frameworks */ = {isa = PBXBuildFile; productRef = 81FD4D692FDC0540009DA448 /* WWFontLoader */; };
		81FD4D6D2FDC089D009DA448 /* WWFontLoader in Frameworks */ = {isa = PBXBuildFile; productRef = 81FD4D6C2FDC089D009DA448 /* WWFontLoader */; };
/* End PBXBuildFile section */

/* Begin PBXFileReference section */
		817037512FDFFF4E00347E24 /* Kirie.app */ = {isa = PBXFileReference; explicitFileType = wrapper.application; includeInIndex = 0; path = Kirie.app; sourceTree = BUILT_PRODUCTS_DIR; };
		817B7C602FD94C0900BBDABC /* Wordie.app */ = {isa = PBXFileReference; explicitFileType = wrapper.application; includeInIndex = 0; path = Wordie.app; sourceTree = BUILT_PRODUCTS_DIR; };
/* End PBXFileReference section */

/* Begin PBXFileSystemSynchronizedBuildFileExceptionSet section */
		81318C142FDBDF1B004055C3 /* Exceptions for "Wordie" folder in "Wordie" target */ = {
			isa = PBXFileSystemSynchronizedBuildFileExceptionSet;
			membershipExceptions = (
				Info.plist,
				"Material/SwiftUI 版本與 iOS 版本對照表.md",
				Material/Wordie_SwiftUI_State_Guide.md,
			);
			target = 817B7C5F2FD94C0900BBDABC /* Wordie */;
		};
		8143E1A42FE11F5000FCCCF9 /* Exceptions for "Kirie" folder in "Kirie" target */ = {
			isa = PBXFileSystemSynchronizedBuildFileExceptionSet;
			membershipExceptions = (
				Info.plist,
			);
			target = 817037502FDFFF4E00347E24 /* Kirie */;
		};
		8170375E2FE0000A00347E24 /* Exceptions for "Wordie" folder in "Kirie" target */ = {
			isa = PBXFileSystemSynchronizedBuildFileExceptionSet;
			membershipExceptions = (
				Common/ApiDelegate.swift,
				Common/BaseAPI.swift,
				Common/Bookmark.swift,
				Common/Configure.swift,
				Common/History.swift,
				Common/WordCard.swift,
				Common/WordCardDataSource.swift,
				Common/WordLevelDatabase.swift,
				Common/WordTypeDataSource.swift,
				Common/WordUI.swift,
				Helper/FontConfig.swift,
				Helper/FontResolver.swift,
				Helper/SpeechService.swift,
				Model/BookmarkListViewModel.swift,
				Model/SqliteMaster.swift,
				Model/WordListViewModel.swift,
				Utility/Constant.swift,
				Utility/Extension.swift,
				View/ItemView/BookmarkRow.swift,
				View/ItemView/CachedWebImage.swift,
				View/ItemView/WebImageLoader.swift,
				View/MainView/WordieContentView.swift,
				View/MainView/WordieHomeView.swift,
				View/SubView/AddBookmarkView.swift,
				View/SubView/AddWordView.swift,
				View/SubView/BookmarkPageView.swift,
				View/SubView/IntelliSenseWordView.swift,
				View/SubView/WordCardView.swift,
				View/SubView/WordieMascotView.swift,
				View/SubView/WordPlayButton.swift,
				View/SubView/WordProgressView.swift,
			);
			target = 817037502FDFFF4E00347E24 /* Kirie */;
		};
/* End PBXFileSystemSynchronizedBuildFileExceptionSet section */

/* Begin PBXFileSystemSynchronizedRootGroup section */
		817037522FDFFF4E00347E24 /* Kirie */ = {
			isa = PBXFileSystemSynchronizedRootGroup;
			exceptions = (
				8143E1A42FE11F5000FCCCF9 /* Exceptions for "Kirie" folder in "Kirie" target */,
			);
			path = Kirie;
			sourceTree = "<group>";
		};
		817B7C622FD94C0900BBDABC /* Wordie */ = {
			isa = PBXFileSystemSynchronizedRootGroup;
			exceptions = (
				81318C142FDBDF1B004055C3 /* Exceptions for "Wordie" folder in "Wordie" target */,
				8170375E2FE0000A00347E24 /* Exceptions for "Wordie" folder in "Kirie" target */,
			);
			path = Wordie;
			sourceTree = "<group>";
		};
/* End PBXFileSystemSynchronizedRootGroup section */

/* Begin PBXFrameworksBuildPhase section */
		8170374E2FDFFF4E00347E24 /* Frameworks */ = {
			isa = PBXFrameworksBuildPhase;
			buildActionMask = 2147483647;
			files = (
				817037732FE0009E00347E24 /* WWFontLoader in Frameworks */,
				81007DBD2FED22A400717D7A /* WWMarkdownWebViewUI in Frameworks */,
				816F1DC92FEB7BAF00D3A956 /* WWWebImage in Frameworks */,
				81909C3D2FF4C05D00795B18 /* WWHUDUI in Frameworks */,
				819E9CA72FECDA4100097DBD /* WWSafariViewUI in Frameworks */,
				810B7AD62FF51EA300F0AB6B /* WWFlipWordCardUI in Frameworks */,
				8153B4AE2FE14D3C007AFC8D /* WWIntelligentAgent in Frameworks */,
				819988DD2FE8D18C001923FE /* WWSQLite3Manager in Frameworks */,
			);
			runOnlyForDeploymentPostprocessing = 0;
		};
		817B7C5D2FD94C0900BBDABC /* Frameworks */ = {
			isa = PBXFrameworksBuildPhase;
			buildActionMask = 2147483647;
			files = (
				81FD4D6D2FDC089D009DA448 /* WWFontLoader in Frameworks */,
				816F1DC72FEB7BAA00D3A956 /* WWWebImage in Frameworks */,
				8153B4AC2FE14D38007AFC8D /* WWIntelligentAgent in Frameworks */,
				81909C3B2FF4C05700795B18 /* WWHUDUI in Frameworks */,
				81FD4D6A2FDC0540009DA448 /* WWFontLoader in Frameworks */,
				810B7AD42FF51E9E00F0AB6B /* WWFlipWordCardUI in Frameworks */,
				819E9CA52FECDA3C00097DBD /* WWSafariViewUI in Frameworks */,
				811C060F2FDABC2D006D0DC4 /* WWSQLite3Manager in Frameworks */,
				819988DB2FE8D183001923FE /* WWSQLite3Manager in Frameworks */,
				81007DBB2FED229F00717D7A /* WWMarkdownWebViewUI in Frameworks */,
			);
			runOnlyForDeploymentPostprocessing = 0;
		};
/* End PBXFrameworksBuildPhase section */

/* Begin PBXGroup section */
		8170376F2FE0009A00347E24 /* Frameworks */ = {
			isa = PBXGroup;
			children = (
			);
			name = Frameworks;
			sourceTree = "<group>";
		};
		817B7C572FD94C0900BBDABC = {
			isa = PBXGroup;
			children = (
				817B7C622FD94C0900BBDABC /* Wordie */,
				817037522FDFFF4E00347E24 /* Kirie */,
				8170376F2FE0009A00347E24 /* Frameworks */,
				817B7C612FD94C0900BBDABC /* Products */,
			);
			sourceTree = "<group>";
		};
		817B7C612FD94C0900BBDABC /* Products */ = {
			isa = PBXGroup;
			children = (
				817B7C602FD94C0900BBDABC /* Wordie.app */,
				817037512FDFFF4E00347E24 /* Kirie.app */,
			);
			name = Products;
			sourceTree = "<group>";
		};
/* End PBXGroup section */

/* Begin PBXNativeTarget section */
		817037502FDFFF4E00347E24 /* Kirie */ = {
			isa = PBXNativeTarget;
			buildConfigurationList = 817037592FDFFF4F00347E24 /* Build configuration list for PBXNativeTarget "Kirie" */;
			buildPhases = (
				8170374D2FDFFF4E00347E24 /* Sources */,
				8170374E2FDFFF4E00347E24 /* Frameworks */,
				8170374F2FDFFF4E00347E24 /* Resources */,
			);
			buildRules = (
			);
			dependencies = (
			);
			fileSystemSynchronizedGroups = (
				817037522FDFFF4E00347E24 /* Kirie */,
			);
			name = Kirie;
			packageProductDependencies = (
				817037722FE0009E00347E24 /* WWFontLoader */,
				8153B4AD2FE14D3C007AFC8D /* WWIntelligentAgent */,
				819988DC2FE8D18C001923FE /* WWSQLite3Manager */,
				816F1DC82FEB7BAF00D3A956 /* WWWebImage */,
				819E9CA62FECDA4100097DBD /* WWSafariViewUI */,
				81007DBC2FED22A400717D7A /* WWMarkdownWebViewUI */,
				81909C3C2FF4C05D00795B18 /* WWHUDUI */,
				810B7AD52FF51EA300F0AB6B /* WWFlipWordCardUI */,
			);
			productName = Kirie;
			productReference = 817037512FDFFF4E00347E24 /* Kirie.app */;
			productType = "com.apple.product-type.application";
		};
		817B7C5F2FD94C0900BBDABC /* Wordie */ = {
			isa = PBXNativeTarget;
			buildConfigurationList = 817B7C6B2FD94C0A00BBDABC /* Build configuration list for PBXNativeTarget "Wordie" */;
			buildPhases = (
				817B7C5C2FD94C0900BBDABC /* Sources */,
				817B7C5D2FD94C0900BBDABC /* Frameworks */,
				817B7C5E2FD94C0900BBDABC /* Resources */,
			);
			buildRules = (
			);
			dependencies = (
			);
			fileSystemSynchronizedGroups = (
				817B7C622FD94C0900BBDABC /* Wordie */,
			);
			name = Wordie;
			packageProductDependencies = (
				811C060E2FDABC2D006D0DC4 /* WWSQLite3Manager */,
				81FD4D692FDC0540009DA448 /* WWFontLoader */,
				81FD4D6C2FDC089D009DA448 /* WWFontLoader */,
				8153B4AB2FE14D38007AFC8D /* WWIntelligentAgent */,
				819988DA2FE8D183001923FE /* WWSQLite3Manager */,
				816F1DC62FEB7BAA00D3A956 /* WWWebImage */,
				819E9CA42FECDA3C00097DBD /* WWSafariViewUI */,
				81007DBA2FED229F00717D7A /* WWMarkdownWebViewUI */,
				81909C3A2FF4C05700795B18 /* WWHUDUI */,
				810B7AD32FF51E9E00F0AB6B /* WWFlipWordCardUI */,
			);
			productName = Wordie;
			productReference = 817B7C602FD94C0900BBDABC /* Wordie.app */;
			productType = "com.apple.product-type.application";
		};
/* End PBXNativeTarget section */

/* Begin PBXProject section */
		817B7C582FD94C0900BBDABC /* Project object */ = {
			isa = PBXProject;
			attributes = {
				BuildIndependentTargetsInParallel = 1;
				LastSwiftUpdateCheck = 1640;
				LastUpgradeCheck = 2630;
				TargetAttributes = {
					817037502FDFFF4E00347E24 = {
						CreatedOnToolsVersion = 16.4;
					};
					817B7C5F2FD94C0900BBDABC = {
						CreatedOnToolsVersion = 16.4;
					};
				};
			};
			buildConfigurationList = 817B7C5B2FD94C0900BBDABC /* Build configuration list for PBXProject "Wordie" */;
			developmentRegion = en;
			hasScannedForEncodings = 0;
			knownRegions = (
				en,
				Base,
			);
			mainGroup = 817B7C572FD94C0900BBDABC;
			minimizedProjectReferenceProxies = 1;
			packageReferences = (
				81FD4D6B2FDC089D009DA448 /* XCRemoteSwiftPackageReference "WWFontLoader" */,
				810265AB2FE14C8F00CCED5A /* XCRemoteSwiftPackageReference "WWIntelligentAgent" */,
				819988D92FE8D183001923FE /* XCRemoteSwiftPackageReference "WWSQLite3Manager" */,
				816F1DC52FEB7B8900D3A956 /* XCRemoteSwiftPackageReference "WWWebImage" */,
				813A72682FECD61200AC9620 /* XCRemoteSwiftPackageReference "WWSafariViewUI" */,
				81007DB92FED227400717D7A /* XCRemoteSwiftPackageReference "WWMarkdownWebViewUI" */,
				81909C392FF4C05000795B18 /* XCRemoteSwiftPackageReference "WWHUDUI" */,
				810B7AD22FF51E8F00F0AB6B /* XCRemoteSwiftPackageReference "WWFlipWordCardUI" */,
			);
			preferredProjectObjectVersion = 77;
			productRefGroup = 817B7C612FD94C0900BBDABC /* Products */;
			projectDirPath = "";
			projectRoot = "";
			targets = (
				817B7C5F2FD94C0900BBDABC /* Wordie */,
				817037502FDFFF4E00347E24 /* Kirie */,
			);
		};
/* End PBXProject section */

/* Begin PBXResourcesBuildPhase section */
		8170374F2FDFFF4E00347E24 /* Resources */ = {
			isa = PBXResourcesBuildPhase;
			buildActionMask = 2147483647;
			files = (
			);
			runOnlyForDeploymentPostprocessing = 0;
		};
		817B7C5E2FD94C0900BBDABC /* Resources */ = {
			isa = PBXResourcesBuildPhase;
			buildActionMask = 2147483647;
			files = (
			);
			runOnlyForDeploymentPostprocessing = 0;
		};
/* End PBXResourcesBuildPhase section */

/* Begin PBXSourcesBuildPhase section */
		8170374D2FDFFF4E00347E24 /* Sources */ = {
			isa = PBXSourcesBuildPhase;
			buildActionMask = 2147483647;
			files = (
			);
			runOnlyForDeploymentPostprocessing = 0;
		};
		817B7C5C2FD94C0900BBDABC /* Sources */ = {
			isa = PBXSourcesBuildPhase;
			buildActionMask = 2147483647;
			files = (
			);
			runOnlyForDeploymentPostprocessing = 0;
		};
/* End PBXSourcesBuildPhase section */

/* Begin XCBuildConfiguration section */
		8170375A2FDFFF4F00347E24 /* Debug */ = {
			isa = XCBuildConfiguration;
			buildSettings = {
				ASSETCATALOG_COMPILER_APPICON_NAME = AppIcon;
				ASSETCATALOG_COMPILER_GLOBAL_ACCENT_COLOR_NAME = AccentColor;
				CODE_SIGN_STYLE = Automatic;
				CURRENT_PROJECT_VERSION = 20260703;
				DEVELOPMENT_TEAM = 4Q5CYDAG3B;
				ENABLE_PREVIEWS = YES;
				GENERATE_INFOPLIST_FILE = YES;
				INFOPLIST_FILE = Kirie/Info.plist;
				INFOPLIST_KEY_LSSupportsOpeningDocumentsInPlace = YES;
				INFOPLIST_KEY_UIApplicationSceneManifest_Generation = YES;
				INFOPLIST_KEY_UIApplicationSupportsIndirectInputEvents = YES;
				INFOPLIST_KEY_UILaunchScreen_Generation = YES;
				INFOPLIST_KEY_UISupportedInterfaceOrientations = UIInterfaceOrientationPortrait;
				INFOPLIST_KEY_UISupportedInterfaceOrientations_iPad = "UIInterfaceOrientationLandscapeLeft UIInterfaceOrientationLandscapeRight UIInterfaceOrientationPortrait UIInterfaceOrientationPortraitUpsideDown";
				INFOPLIST_KEY_UISupportsDocumentBrowser = YES;
				IPHONEOS_DEPLOYMENT_TARGET = 17.4;
				LD_RUNPATH_SEARCH_PATHS = (
					"$(inherited)",
					"@executable_path/Frameworks",
				);
				MARKETING_VERSION = 1.0.3;
				PRODUCT_BUNDLE_IDENTIFIER = idv.william.Kirie;
				PRODUCT_NAME = "$(TARGET_NAME)";
				SUPPORTED_PLATFORMS = "iphoneos iphonesimulator";
				SUPPORTS_MACCATALYST = NO;
				SUPPORTS_MAC_DESIGNED_FOR_IPHONE_IPAD = NO;
				SUPPORTS_XR_DESIGNED_FOR_IPHONE_IPAD = NO;
				SWIFT_EMIT_LOC_STRINGS = YES;
				SWIFT_VERSION = 5.0;
				TARGETED_DEVICE_FAMILY = 1;
			};
			name = Debug;
		};
		8170375B2FDFFF4F00347E24 /* Release */ = {
			isa = XCBuildConfiguration;
			buildSettings = {
				ASSETCATALOG_COMPILER_APPICON_NAME = AppIcon;
				ASSETCATALOG_COMPILER_GLOBAL_ACCENT_COLOR_NAME = AccentColor;
				CODE_SIGN_STYLE = Automatic;
				CURRENT_PROJECT_VERSION = 20260703;
				DEVELOPMENT_TEAM = 4Q5CYDAG3B;
				ENABLE_PREVIEWS = YES;
				GENERATE_INFOPLIST_FILE = YES;
				INFOPLIST_FILE = Kirie/Info.plist;
				INFOPLIST_KEY_LSSupportsOpeningDocumentsInPlace = YES;
				INFOPLIST_KEY_UIApplicationSceneManifest_Generation = YES;
				INFOPLIST_KEY_UIApplicationSupportsIndirectInputEvents = YES;
				INFOPLIST_KEY_UILaunchScreen_Generation = YES;
				INFOPLIST_KEY_UISupportedInterfaceOrientations = UIInterfaceOrientationPortrait;
				INFOPLIST_KEY_UISupportedInterfaceOrientations_iPad = "UIInterfaceOrientationLandscapeLeft UIInterfaceOrientationLandscapeRight UIInterfaceOrientationPortrait UIInterfaceOrientationPortraitUpsideDown";
				INFOPLIST_KEY_UISupportsDocumentBrowser = YES;
				IPHONEOS_DEPLOYMENT_TARGET = 17.4;
				LD_RUNPATH_SEARCH_PATHS = (
					"$(inherited)",
					"@executable_path/Frameworks",
				);
				MARKETING_VERSION = 1.0.3;
				PRODUCT_BUNDLE_IDENTIFIER = idv.william.Kirie;
				PRODUCT_NAME = "$(TARGET_NAME)";
				SUPPORTED_PLATFORMS = "iphoneos iphonesimulator";
				SUPPORTS_MACCATALYST = NO;
				SUPPORTS_MAC_DESIGNED_FOR_IPHONE_IPAD = NO;
				SUPPORTS_XR_DESIGNED_FOR_IPHONE_IPAD = NO;
				SWIFT_EMIT_LOC_STRINGS = YES;
				SWIFT_VERSION = 5.0;
				TARGETED_DEVICE_FAMILY = 1;
			};
			name = Release;
		};
		817B7C692FD94C0A00BBDABC /* Debug */ = {
			isa = XCBuildConfiguration;
			buildSettings = {
				ALWAYS_SEARCH_USER_PATHS = NO;
				ASSETCATALOG_COMPILER_GENERATE_SWIFT_ASSET_SYMBOL_EXTENSIONS = YES;
				CLANG_ANALYZER_NONNULL = YES;
				CLANG_ANALYZER_NUMBER_OBJECT_CONVERSION = YES_AGGRESSIVE;
				CLANG_CXX_LANGUAGE_STANDARD = "gnu++20";
				CLANG_ENABLE_MODULES = YES;
				CLANG_ENABLE_OBJC_ARC = YES;
				CLANG_ENABLE_OBJC_WEAK = YES;
				CLANG_WARN_BLOCK_CAPTURE_AUTORELEASING = YES;
				CLANG_WARN_BOOL_CONVERSION = YES;
				CLANG_WARN_COMMA = YES;
				CLANG_WARN_CONSTANT_CONVERSION = YES;
				CLANG_WARN_DEPRECATED_OBJC_IMPLEMENTATIONS = YES;
				CLANG_WARN_DIRECT_OBJC_ISA_USAGE = YES_ERROR;
				CLANG_WARN_DOCUMENTATION_COMMENTS = YES;
				CLANG_WARN_EMPTY_BODY = YES;
				CLANG_WARN_ENUM_CONVERSION = YES;
				CLANG_WARN_INFINITE_RECURSION = YES;
				CLANG_WARN_INT_CONVERSION = YES;
				CLANG_WARN_NON_LITERAL_NULL_CONVERSION = YES;
				CLANG_WARN_OBJC_IMPLICIT_RETAIN_SELF = YES;
				CLANG_WARN_OBJC_LITERAL_CONVERSION = YES;
				CLANG_WARN_OBJC_ROOT_CLASS = YES_ERROR;
				CLANG_WARN_QUOTED_INCLUDE_IN_FRAMEWORK_HEADER = YES;
				CLANG_WARN_RANGE_LOOP_ANALYSIS = YES;
				CLANG_WARN_STRICT_PROTOTYPES = YES;
				CLANG_WARN_SUSPICIOUS_MOVE = YES;
				CLANG_WARN_UNGUARDED_AVAILABILITY = YES_AGGRESSIVE;
				CLANG_WARN_UNREACHABLE_CODE = YES;
				CLANG_WARN__DUPLICATE_METHOD_MATCH = YES;
				COPY_PHASE_STRIP = NO;
				DEBUG_INFORMATION_FORMAT = dwarf;
				DEVELOPMENT_TEAM = 4Q5CYDAG3B;
				ENABLE_STRICT_OBJC_MSGSEND = YES;
				ENABLE_TESTABILITY = YES;
				ENABLE_USER_SCRIPT_SANDBOXING = YES;
				GCC_C_LANGUAGE_STANDARD = gnu17;
				GCC_DYNAMIC_NO_PIC = NO;
				GCC_NO_COMMON_BLOCKS = YES;
				GCC_OPTIMIZATION_LEVEL = 0;
				GCC_PREPROCESSOR_DEFINITIONS = (
					"DEBUG=1",
					"$(inherited)",
				);
				GCC_WARN_64_TO_32_BIT_CONVERSION = YES;
				GCC_WARN_ABOUT_RETURN_TYPE = YES_ERROR;
				GCC_WARN_UNDECLARED_SELECTOR = YES;
				GCC_WARN_UNINITIALIZED_AUTOS = YES_AGGRESSIVE;
				GCC_WARN_UNUSED_FUNCTION = YES;
				GCC_WARN_UNUSED_VARIABLE = YES;
				IPHONEOS_DEPLOYMENT_TARGET = 18.5;
				LOCALIZATION_PREFERS_STRING_CATALOGS = YES;
				MTL_ENABLE_DEBUG_INFO = INCLUDE_SOURCE;
				MTL_FAST_MATH = YES;
				ONLY_ACTIVE_ARCH = YES;
				SDKROOT = iphoneos;
				STRING_CATALOG_GENERATE_SYMBOLS = YES;
				SWIFT_ACTIVE_COMPILATION_CONDITIONS = "DEBUG $(inherited)";
				SWIFT_OPTIMIZATION_LEVEL = "-Onone";
			};
			name = Debug;
		};
		817B7C6A2FD94C0A00BBDABC /* Release */ = {
			isa = XCBuildConfiguration;
			buildSettings = {
				ALWAYS_SEARCH_USER_PATHS = NO;
				ASSETCATALOG_COMPILER_GENERATE_SWIFT_ASSET_SYMBOL_EXTENSIONS = YES;
				CLANG_ANALYZER_NONNULL = YES;
				CLANG_ANALYZER_NUMBER_OBJECT_CONVERSION = YES_AGGRESSIVE;
				CLANG_CXX_LANGUAGE_STANDARD = "gnu++20";
				CLANG_ENABLE_MODULES = YES;
				CLANG_ENABLE_OBJC_ARC = YES;
				CLANG_ENABLE_OBJC_WEAK = YES;
				CLANG_WARN_BLOCK_CAPTURE_AUTORELEASING = YES;
				CLANG_WARN_BOOL_CONVERSION = YES;
				CLANG_WARN_COMMA = YES;
				CLANG_WARN_CONSTANT_CONVERSION = YES;
				CLANG_WARN_DEPRECATED_OBJC_IMPLEMENTATIONS = YES;
				CLANG_WARN_DIRECT_OBJC_ISA_USAGE = YES_ERROR;
				CLANG_WARN_DOCUMENTATION_COMMENTS = YES;
				CLANG_WARN_EMPTY_BODY = YES;
				CLANG_WARN_ENUM_CONVERSION = YES;
				CLANG_WARN_INFINITE_RECURSION = YES;
				CLANG_WARN_INT_CONVERSION = YES;
				CLANG_WARN_NON_LITERAL_NULL_CONVERSION = YES;
				CLANG_WARN_OBJC_IMPLICIT_RETAIN_SELF = YES;
				CLANG_WARN_OBJC_LITERAL_CONVERSION = YES;
				CLANG_WARN_OBJC_ROOT_CLASS = YES_ERROR;
				CLANG_WARN_QUOTED_INCLUDE_IN_FRAMEWORK_HEADER = YES;
				CLANG_WARN_RANGE_LOOP_ANALYSIS = YES;
				CLANG_WARN_STRICT_PROTOTYPES = YES;
				CLANG_WARN_SUSPICIOUS_MOVE = YES;
				CLANG_WARN_UNGUARDED_AVAILABILITY = YES_AGGRESSIVE;
				CLANG_WARN_UNREACHABLE_CODE = YES;
				CLANG_WARN__DUPLICATE_METHOD_MATCH = YES;
				COPY_PHASE_STRIP = NO;
				DEBUG_INFORMATION_FORMAT = "dwarf-with-dsym";
				DEVELOPMENT_TEAM = 4Q5CYDAG3B;
				ENABLE_NS_ASSERTIONS = NO;
				ENABLE_STRICT_OBJC_MSGSEND = YES;
				ENABLE_USER_SCRIPT_SANDBOXING = YES;
				GCC_C_LANGUAGE_STANDARD = gnu17;
				GCC_NO_COMMON_BLOCKS = YES;
				GCC_WARN_64_TO_32_BIT_CONVERSION = YES;
				GCC_WARN_ABOUT_RETURN_TYPE = YES_ERROR;
				GCC_WARN_UNDECLARED_SELECTOR = YES;
				GCC_WARN_UNINITIALIZED_AUTOS = YES_AGGRESSIVE;
				GCC_WARN_UNUSED_FUNCTION = YES;
				GCC_WARN_UNUSED_VARIABLE = YES;
				IPHONEOS_DEPLOYMENT_TARGET = 18.5;
				LOCALIZATION_PREFERS_STRING_CATALOGS = YES;
				MTL_ENABLE_DEBUG_INFO = NO;
				MTL_FAST_MATH = YES;
				SDKROOT = iphoneos;
				STRING_CATALOG_GENERATE_SYMBOLS = YES;
				SWIFT_COMPILATION_MODE = wholemodule;
				VALIDATE_PRODUCT = YES;
			};
			name = Release;
		};
		817B7C6C2FD94C0A00BBDABC /* Debug */ = {
			isa = XCBuildConfiguration;
			buildSettings = {
				ASSETCATALOG_COMPILER_APPICON_NAME = AppIcon;
				ASSETCATALOG_COMPILER_GLOBAL_ACCENT_COLOR_NAME = AccentColor;
				CODE_SIGN_STYLE = Automatic;
				CURRENT_PROJECT_VERSION = 20260703;
				DEVELOPMENT_TEAM = 4Q5CYDAG3B;
				ENABLE_PREVIEWS = YES;
				GENERATE_INFOPLIST_FILE = YES;
				INFOPLIST_FILE = Wordie/Info.plist;
				INFOPLIST_KEY_LSSupportsOpeningDocumentsInPlace = YES;
				INFOPLIST_KEY_UIApplicationSceneManifest_Generation = YES;
				INFOPLIST_KEY_UIApplicationSupportsIndirectInputEvents = YES;
				INFOPLIST_KEY_UILaunchScreen_Generation = YES;
				INFOPLIST_KEY_UISupportedInterfaceOrientations = UIInterfaceOrientationPortrait;
				INFOPLIST_KEY_UISupportedInterfaceOrientations_iPad = "UIInterfaceOrientationLandscapeLeft UIInterfaceOrientationLandscapeRight UIInterfaceOrientationPortrait UIInterfaceOrientationPortraitUpsideDown";
				INFOPLIST_KEY_UISupportsDocumentBrowser = YES;
				IPHONEOS_DEPLOYMENT_TARGET = 17.4;
				LD_RUNPATH_SEARCH_PATHS = (
					"$(inherited)",
					"@executable_path/Frameworks",
				);
				MARKETING_VERSION = 1.0.3;
				PRODUCT_BUNDLE_IDENTIFIER = idv.william.Wordie;
				PRODUCT_NAME = "$(TARGET_NAME)";
				SUPPORTED_PLATFORMS = "iphoneos iphonesimulator";
				SUPPORTS_MACCATALYST = NO;
				SUPPORTS_MAC_DESIGNED_FOR_IPHONE_IPAD = NO;
				SUPPORTS_XR_DESIGNED_FOR_IPHONE_IPAD = NO;
				SWIFT_EMIT_LOC_STRINGS = YES;
				SWIFT_VERSION = 5.0;
				TARGETED_DEVICE_FAMILY = 1;
			};
			name = Debug;
		};
		817B7C6D2FD94C0A00BBDABC /* Release */ = {
			isa = XCBuildConfiguration;
			buildSettings = {
				ASSETCATALOG_COMPILER_APPICON_NAME = AppIcon;
				ASSETCATALOG_COMPILER_GLOBAL_ACCENT_COLOR_NAME = AccentColor;
				CODE_SIGN_STYLE = Automatic;
				CURRENT_PROJECT_VERSION = 20260703;
				DEVELOPMENT_TEAM = 4Q5CYDAG3B;
				ENABLE_PREVIEWS = YES;
				GENERATE_INFOPLIST_FILE = YES;
				INFOPLIST_FILE = Wordie/Info.plist;
				INFOPLIST_KEY_LSSupportsOpeningDocumentsInPlace = YES;
				INFOPLIST_KEY_UIApplicationSceneManifest_Generation = YES;
				INFOPLIST_KEY_UIApplicationSupportsIndirectInputEvents = YES;
				INFOPLIST_KEY_UILaunchScreen_Generation = YES;
				INFOPLIST_KEY_UISupportedInterfaceOrientations = UIInterfaceOrientationPortrait;
				INFOPLIST_KEY_UISupportedInterfaceOrientations_iPad = "UIInterfaceOrientationLandscapeLeft UIInterfaceOrientationLandscapeRight UIInterfaceOrientationPortrait UIInterfaceOrientationPortraitUpsideDown";
				INFOPLIST_KEY_UISupportsDocumentBrowser = YES;
				IPHONEOS_DEPLOYMENT_TARGET = 17.4;
				LD_RUNPATH_SEARCH_PATHS = (
					"$(inherited)",
					"@executable_path/Frameworks",
				);
				MARKETING_VERSION = 1.0.3;
				PRODUCT_BUNDLE_IDENTIFIER = idv.william.Wordie;
				PRODUCT_NAME = "$(TARGET_NAME)";
				SUPPORTED_PLATFORMS = "iphoneos iphonesimulator";
				SUPPORTS_MACCATALYST = NO;
				SUPPORTS_MAC_DESIGNED_FOR_IPHONE_IPAD = NO;
				SUPPORTS_XR_DESIGNED_FOR_IPHONE_IPAD = NO;
				SWIFT_EMIT_LOC_STRINGS = YES;
				SWIFT_VERSION = 5.0;
				TARGETED_DEVICE_FAMILY = 1;
			};
			name = Release;
		};
/* End XCBuildConfiguration section */

/* Begin XCConfigurationList section */
		817037592FDFFF4F00347E24 /* Build configuration list for PBXNativeTarget "Kirie" */ = {
			isa = XCConfigurationList;
			buildConfigurations = (
				8170375A2FDFFF4F00347E24 /* Debug */,
				8170375B2FDFFF4F00347E24 /* Release */,
			);
			defaultConfigurationIsVisible = 0;
			defaultConfigurationName = Release;
		};
		817B7C5B2FD94C0900BBDABC /* Build configuration list for PBXProject "Wordie" */ = {
			isa = XCConfigurationList;
			buildConfigurations = (
				817B7C692FD94C0A00BBDABC /* Debug */,
				817B7C6A2FD94C0A00BBDABC /* Release */,
			);
			defaultConfigurationIsVisible = 0;
			defaultConfigurationName = Release;
		};
		817B7C6B2FD94C0A00BBDABC /* Build configuration list for PBXNativeTarget "Wordie" */ = {
			isa = XCConfigurationList;
			buildConfigurations = (
				817B7C6C2FD94C0A00BBDABC /* Debug */,
				817B7C6D2FD94C0A00BBDABC /* Release */,
			);
			defaultConfigurationIsVisible = 0;
			defaultConfigurationName = Release;
		};
/* End XCConfigurationList section */

/* Begin XCRemoteSwiftPackageReference section */
		81007DB92FED227400717D7A /* XCRemoteSwiftPackageReference "WWMarkdownWebViewUI" */ = {
			isa = XCRemoteSwiftPackageReference;
			repositoryURL = "https://github.com/William-Weng/WWMarkdownWebViewUI";
			requirement = {
				kind = upToNextMinorVersion;
				minimumVersion = 0.4.1;
			};
		};
		810265AB2FE14C8F00CCED5A /* XCRemoteSwiftPackageReference "WWIntelligentAgent" */ = {
			isa = XCRemoteSwiftPackageReference;
			repositoryURL = "https://github.com/William-Weng/WWIntelligentAgent";
			requirement = {
				kind = upToNextMinorVersion;
				minimumVersion = 1.4.1;
			};
		};
		810B7AD22FF51E8F00F0AB6B /* XCRemoteSwiftPackageReference "WWFlipWordCardUI" */ = {
			isa = XCRemoteSwiftPackageReference;
			repositoryURL = "https://github.com/William-Weng/WWFlipWordCardUI";
			requirement = {
				kind = upToNextMinorVersion;
				minimumVersion = 1.0.1;
			};
		};
		813A72682FECD61200AC9620 /* XCRemoteSwiftPackageReference "WWSafariViewUI" */ = {
			isa = XCRemoteSwiftPackageReference;
			repositoryURL = "https://github.com/William-Weng/WWSafariViewUI";
			requirement = {
				kind = upToNextMinorVersion;
				minimumVersion = 1.0.0;
			};
		};
		816F1DC52FEB7B8900D3A956 /* XCRemoteSwiftPackageReference "WWWebImage" */ = {
			isa = XCRemoteSwiftPackageReference;
			repositoryURL = "https://github.com/William-Weng/WWWebImage";
			requirement = {
				kind = upToNextMinorVersion;
				minimumVersion = 1.0.3;
			};
		};
		81909C392FF4C05000795B18 /* XCRemoteSwiftPackageReference "WWHUDUI" */ = {
			isa = XCRemoteSwiftPackageReference;
			repositoryURL = "https://github.com/William-Weng/WWHUDUI";
			requirement = {
				kind = upToNextMinorVersion;
				minimumVersion = 1.1.1;
			};
		};
		819988D92FE8D183001923FE /* XCRemoteSwiftPackageReference "WWSQLite3Manager" */ = {
			isa = XCRemoteSwiftPackageReference;
			repositoryURL = "https://github.com/William-Weng/WWSQLite3Manager";
			requirement = {
				kind = upToNextMinorVersion;
				minimumVersion = 2.4.4;
			};
		};
		81FD4D6B2FDC089D009DA448 /* XCRemoteSwiftPackageReference "WWFontLoader" */ = {
			isa = XCRemoteSwiftPackageReference;
			repositoryURL = "https://github.com/William-Weng/WWFontLoader";
			requirement = {
				kind = upToNextMinorVersion;
				minimumVersion = 1.1.0;
			};
		};
/* End XCRemoteSwiftPackageReference section */

/* Begin XCSwiftPackageProductDependency section */
		81007DBA2FED229F00717D7A /* WWMarkdownWebViewUI */ = {
			isa = XCSwiftPackageProductDependency;
			package = 81007DB92FED227400717D7A /* XCRemoteSwiftPackageReference "WWMarkdownWebViewUI" */;
			productName = WWMarkdownWebViewUI;
		};
		81007DBC2FED22A400717D7A /* WWMarkdownWebViewUI */ = {
			isa = XCSwiftPackageProductDependency;
			package = 81007DB92FED227400717D7A /* XCRemoteSwiftPackageReference "WWMarkdownWebViewUI" */;
			productName = WWMarkdownWebViewUI;
		};
		810B7AD32FF51E9E00F0AB6B /* WWFlipWordCardUI */ = {
			isa = XCSwiftPackageProductDependency;
			package = 810B7AD22FF51E8F00F0AB6B /* XCRemoteSwiftPackageReference "WWFlipWordCardUI" */;
			productName = WWFlipWordCardUI;
		};
		810B7AD52FF51EA300F0AB6B /* WWFlipWordCardUI */ = {
			isa = XCSwiftPackageProductDependency;
			package = 810B7AD22FF51E8F00F0AB6B /* XCRemoteSwiftPackageReference "WWFlipWordCardUI" */;
			productName = WWFlipWordCardUI;
		};
		811C060E2FDABC2D006D0DC4 /* WWSQLite3Manager */ = {
			isa = XCSwiftPackageProductDependency;
			productName = WWSQLite3Manager;
		};
		8153B4AB2FE14D38007AFC8D /* WWIntelligentAgent */ = {
			isa = XCSwiftPackageProductDependency;
			package = 810265AB2FE14C8F00CCED5A /* XCRemoteSwiftPackageReference "WWIntelligentAgent" */;
			productName = WWIntelligentAgent;
		};
		8153B4AD2FE14D3C007AFC8D /* WWIntelligentAgent */ = {
			isa = XCSwiftPackageProductDependency;
			package = 810265AB2FE14C8F00CCED5A /* XCRemoteSwiftPackageReference "WWIntelligentAgent" */;
			productName = WWIntelligentAgent;
		};
		816F1DC62FEB7BAA00D3A956 /* WWWebImage */ = {
			isa = XCSwiftPackageProductDependency;
			package = 816F1DC52FEB7B8900D3A956 /* XCRemoteSwiftPackageReference "WWWebImage" */;
			productName = WWWebImage;
		};
		816F1DC82FEB7BAF00D3A956 /* WWWebImage */ = {
			isa = XCSwiftPackageProductDependency;
			package = 816F1DC52FEB7B8900D3A956 /* XCRemoteSwiftPackageReference "WWWebImage" */;
			productName = WWWebImage;
		};
		817037722FE0009E00347E24 /* WWFontLoader */ = {
			isa = XCSwiftPackageProductDependency;
			package = 81FD4D6B2FDC089D009DA448 /* XCRemoteSwiftPackageReference "WWFontLoader" */;
			productName = WWFontLoader;
		};
		81909C3A2FF4C05700795B18 /* WWHUDUI */ = {
			isa = XCSwiftPackageProductDependency;
			package = 81909C392FF4C05000795B18 /* XCRemoteSwiftPackageReference "WWHUDUI" */;
			productName = WWHUDUI;
		};
		81909C3C2FF4C05D00795B18 /* WWHUDUI */ = {
			isa = XCSwiftPackageProductDependency;
			package = 81909C392FF4C05000795B18 /* XCRemoteSwiftPackageReference "WWHUDUI" */;
			productName = WWHUDUI;
		};
		819988DA2FE8D183001923FE /* WWSQLite3Manager */ = {
			isa = XCSwiftPackageProductDependency;
			package = 819988D92FE8D183001923FE /* XCRemoteSwiftPackageReference "WWSQLite3Manager" */;
			productName = WWSQLite3Manager;
		};
		819988DC2FE8D18C001923FE /* WWSQLite3Manager */ = {
			isa = XCSwiftPackageProductDependency;
			package = 819988D92FE8D183001923FE /* XCRemoteSwiftPackageReference "WWSQLite3Manager" */;
			productName = WWSQLite3Manager;
		};
		819E9CA42FECDA3C00097DBD /* WWSafariViewUI */ = {
			isa = XCSwiftPackageProductDependency;
			package = 813A72682FECD61200AC9620 /* XCRemoteSwiftPackageReference "WWSafariViewUI" */;
			productName = WWSafariViewUI;
		};
		819E9CA62FECDA4100097DBD /* WWSafariViewUI */ = {
			isa = XCSwiftPackageProductDependency;
			package = 813A72682FECD61200AC9620 /* XCRemoteSwiftPackageReference "WWSafariViewUI" */;
			productName = WWSafariViewUI;
		};
		81FD4D692FDC0540009DA448 /* WWFontLoader */ = {
			isa = XCSwiftPackageProductDependency;
			productName = WWFontLoader;
		};
		81FD4D6C2FDC089D009DA448 /* WWFontLoader */ = {
			isa = XCSwiftPackageProductDependency;
			package = 81FD4D6B2FDC089D009DA448 /* XCRemoteSwiftPackageReference "WWFontLoader" */;
			productName = WWFontLoader;
		};
/* End XCSwiftPackageProductDependency section */
	};
	rootObject = 817B7C582FD94C0900BBDABC /* Project object */;
}
